
Microsoft Visual Studio Solution File, Format Version 12.00
# Visual Studio Version 16
VisualStudioVersion = 16.0.28721.148
MinimumVisualStudioVersion = 10.0.40219.1
Project("{FAE04EC0-301F-11D3-BF4B-00C04F79EFBC}") = "ReadOnlyRecommend", "ReadOnlyRecommend\ReadOnlyRecommend.csproj", "{6FB438F8-B50C-4743-AACF-15549E6F034A}"
EndProject
Global
	GlobalSection(SolutionConfigurationPlatforms) = preSolution
		Debug|Any CPU = Debug|Any CPU
		Release|Any CPU = Release|Any CPU
	EndGlobalSection
	GlobalSection(ProjectConfigurationPlatforms) = postSolution
		{6FB438F8-B50C-4743-AACF-15549E6F034A}.Debug|Any CPU.ActiveCfg = Debug|Any CPU
		{6FB438F8-B50C-4743-AACF-15549E6F034A}.Debug|Any CPU.Build.0 = Debug|Any CPU
		{6FB438F8-B50C-4743-AACF-15549E6F034A}.Release|Any CPU.ActiveCfg = Release|Any CPU
		{6FB438F8-B50C-4743-AACF-15549E6F034A}.Release|Any CPU.Build.0 = Release|Any CPU
	EndGlobalSection
	GlobalSection(SolutionProperties) = preSolution
		HideSolutionNode = FALSE
	EndGlobalSection
	GlobalSection(ExtensibilityGlobals) = postSolution
		SolutionGuid = {D57AF6F3-3C72-4C8D-A520-582E999FEE01}
	EndGlobalSection
EndGlobal
